
Microsoft Visual Studio Solution File, Format Version 12.00
# Visual Studio 14
VisualStudioVersion = 14.0.25420.1
MinimumVisualStudioVersion = 10.0.40219.1
Project("{FAE04EC0-301F-11D3-BF4B-00C04F79EFBC}") = "ThimbleweedParkExplorer", "ThimbleweedParkExplorer\ThimbleweedParkExplorer.csproj", "{84A9868E-87B5-4C0D-A4F5-5C0DBAA54B3A}"
EndProject
Project("{FAE04EC0-301F-11D3-BF4B-00C04F79EFBC}") = "ThimbleweedLibrary", "ThimbleweedLibrary\ThimbleweedLibrary.csproj", "{78DA1FF4-6D08-4CD3-9734-E7F75D093BC1}"
EndProject
Global
	GlobalSection(SolutionConfigurationPlatforms) = preSolution
		Debug|Any CPU = Debug|Any CPU
		Release|Any CPU = Release|Any CPU
	EndGlobalSection
	GlobalSection(ProjectConfigurationPlatforms) = postSolution
		{84A9868E-87B5-4C0D-A4F5-5C0DBAA54B3A}.Debug|Any CPU.ActiveCfg = Debug|Any CPU
		{84A9868E-87B5-4C0D-A4F5-5C0DBAA54B3A}.Debug|Any CPU.Build.0 = Debug|Any CPU
		{84A9868E-87B5-4C0D-A4F5-5C0DBAA54B3A}.Release|Any CPU.ActiveCfg = Release|Any CPU
		{84A9868E-87B5-4C0D-A4F5-5C0DBAA54B3A}.Release|Any CPU.Build.0 = Release|Any CPU
		{78DA1FF4-6D08-4CD3-9734-E7F75D093BC1}.Debug|Any CPU.ActiveCfg = Debug|Any CPU
		{78DA1FF4-6D08-4CD3-9734-E7F75D093BC1}.Debug|Any CPU.Build.0 = Debug|Any CPU
		{78DA1FF4-6D08-4CD3-9734-E7F75D093BC1}.Release|Any CPU.ActiveCfg = Release|Any CPU
		{78DA1FF4-6D08-4CD3-9734-E7F75D093BC1}.Release|Any CPU.Build.0 = Release|Any CPU
	EndGlobalSection
	GlobalSection(SolutionProperties) = preSolution
		HideSolutionNode = FALSE
	EndGlobalSection
EndGlobal
